// !$*UTF8*$!
{
	archiveVersion = 1;
	classes = {
	};
	objectVersion = 56;
	objects = {

/* Begin PBXBuildFile section */
		AA147B802C35AA410026B99B /* ALI_ReservedApp.swift in Sources */ = {isa = PBXBuildFile; fileRef = AA147B7F2C35AA410026B99B /* ALI_ReservedApp.swift */; };
		AA147B822C35AA410026B99B /* ContentView.swift in Sources */ = {isa = PBXBuildFile; fileRef = AA147B812C35AA410026B99B /* ContentView.swift */; };
		AA147B842C35AA420026B99B /* Assets.xcassets in Resources */ = {isa = PBXBuildFile; fileRef = AA147B832C35AA420026B99B /* Assets.xcassets */; };
		AA147B872C35AA420026B99B /* Preview Assets.xcassets in Resources */ = {isa = PBXBuildFile; fileRef = AA147B862C35AA420026B99B /* Preview Assets.xcassets */; };
		AA147B892C35AA430026B99B /* Persistence.swift in Sources */ = {isa = PBXBuildFile; fileRef = AA147B882C35AA430026B99B /* Persistence.swift */; };
		AA147B8C2C35AA430026B99B /* ALI_Reserved.xcdatamodeld in Sources */ = {isa = PBXBuildFile; fileRef = AA147B8A2C35AA430026B99B /* ALI_Reserved.xcdatamodeld */; };
		AA147B962C35AA430026B99B /* ALI_ReservedTests.swift in Sources */ = {isa = PBXBuildFile; fileRef = AA147B952C35AA430026B99B /* ALI_ReservedTests.swift */; };
		AA147BA02C35AA430026B99B /* ALI_ReservedUITests.swift in Sources */ = {isa = PBXBuildFile; fileRef = AA147B9F2C35AA430026B99B /* ALI_ReservedUITests.swift */; };
		AA147BA22C35AA430026B99B /* ALI_ReservedUITestsLaunchTests.swift in Sources */ = {isa = PBXBuildFile; fileRef = AA147BA12C35AA430026B99B /* ALI_ReservedUITestsLaunchTests.swift */; };
/* End PBXBuildFile section */

/* Begin PBXContainerItemProxy section */
		AA147B922C35AA430026B99B /* PBXContainerItemProxy */ = {
			isa = PBXContainerItemProxy;
			containerPortal = AA147B742C35AA400026B99B /* Project object */;
			proxyType = 1;
			remoteGlobalIDString = AA147B7B2C35AA410026B99B;
			remoteInfo = "ALI Reserved";
		};
		AA147B9C2C35AA430026B99B /* PBXContainerItemProxy */ = {
			isa = PBXContainerItemProxy;
			containerPortal = AA147B742C35AA400026B99B /* Project object */;
			proxyType = 1;
			remoteGlobalIDString = AA147B7B2C35AA410026B99B;
			remoteInfo = "ALI Reserved";
		};
/* End PBXContainerItemProxy section */

/* Begin PBXFileReference section */
		AA147B7C2C35AA410026B99B /* ALI Reserved.app */ = {isa = PBXFileReference; explicitFileType = wrapper.application; includeInIndex = 0; path = "ALI Reserved.app"; sourceTree = BUILT_PRODUCTS_DIR; };
		AA147B7F2C35AA410026B99B /* ALI_ReservedApp.swift */ = {isa = PBXFileReference; lastKnownFileType = sourcecode.swift; path = ALI_ReservedApp.swift; sourceTree = "<group>"; };
		AA147B812C35AA410026B99B /* ContentView.swift */ = {isa = PBXFileReference; lastKnownFileType = sourcecode.swift; path = ContentView.swift; sourceTree = "<group>"; };
		AA147B832C35AA420026B99B /* Assets.xcassets */ = {isa = PBXFileReference; lastKnownFileType = folder.assetcatalog; path = Assets.xcassets; sourceTree = "<group>"; };
		AA147B862C35AA420026B99B /* Preview Assets.xcassets */ = {isa = PBXFileReference; lastKnownFileType = folder.assetcatalog; path = "Preview Assets.xcassets"; sourceTree = "<group>"; };
		AA147B882C35AA430026B99B /* Persistence.swift */ = {isa = PBXFileReference; lastKnownFileType = sourcecode.swift; path = Persistence.swift; sourceTree = "<group>"; };
		AA147B8B2C35AA430026B99B /* ALI_Reserved.xcdatamodel */ = {isa = PBXFileReference; lastKnownFileType = wrapper.xcdatamodel; path = ALI_Reserved.xcdatamodel; sourceTree = "<group>"; };
		AA147B912C35AA430026B99B /* ALI ReservedTests.xctest */ = {isa = PBXFileReference; explicitFileType = wrapper.cfbundle; includeInIndex = 0; path = "ALI ReservedTests.xctest"; sourceTree = BUILT_PRODUCTS_DIR; };
		AA147B952C35AA430026B99B /* ALI_ReservedTests.swift */ = {isa = PBXFileReference; lastKnownFileType = sourcecode.swift; path = ALI_ReservedTests.swift; sourceTree = "<group>"; };
		AA147B9B2C35AA430026B99B /* ALI ReservedUITests.xctest */ = {isa = PBXFileReference; explicitFileType = wrapper.cfbundle; includeInIndex = 0; path = "ALI ReservedUITests.xctest"; sourceTree = BUILT_PRODUCTS_DIR; };
		AA147B9F2C35AA430026B99B /* ALI_ReservedUITests.swift */ = {isa = PBXFileReference; lastKnownFileType = sourcecode.swift; path = ALI_ReservedUITests.swift; sourceTree = "<group>"; };
		AA147BA12C35AA430026B99B /* ALI_ReservedUITestsLaunchTests.swift */ = {isa = PBXFileReference; lastKnownFileType = sourcecode.swift; path = ALI_ReservedUITestsLaunchTests.swift; sourceTree = "<group>"; };
/* End PBXFileReference section */

/* Begin PBXFrameworksBuildPhase section */
		AA147B792C35AA410026B99B /* Frameworks */ = {
			isa = PBXFrameworksBuildPhase;
			buildActionMask = 2147483647;
			files = (
			);
			runOnlyForDeploymentPostprocessing = 0;
		};
		AA147B8E2C35AA430026B99B /* Frameworks */ = {
			isa = PBXFrameworksBuildPhase;
			buildActionMask = 2147483647;
			files = (
			);
			runOnlyForDeploymentPostprocessing = 0;
		};
		AA147B982C35AA430026B99B /* Frameworks */ = {
			isa = PBXFrameworksBuildPhase;
			buildActionMask = 2147483647;
			files = (
			);
			runOnlyForDeploymentPostprocessing = 0;
		};
/* End PBXFrameworksBuildPhase section */

/* Begin PBXGroup section */
		AA147B732C35AA400026B99B = {
			isa = PBXGroup;
			children = (
				AA147B7E2C35AA410026B99B /* ALI Reserved */,
				AA147B942C35AA430026B99B /* ALI ReservedTests */,
				AA147B9E2C35AA430026B99B /* ALI ReservedUITests */,
				AA147B7D2C35AA410026B99B /* Products */,
			);
			sourceTree = "<group>";
		};
		AA147B7D2C35AA410026B99B /* Products */ = {
			isa = PBXGroup;
			children = (
				AA147B7C2C35AA410026B99B /* ALI Reserved.app */,
				AA147B912C35AA430026B99B /* ALI ReservedTests.xctest */,
				AA147B9B2C35AA430026B99B /* ALI ReservedUITests.xctest */,
			);
			name = Products;
			sourceTree = "<group>";
		};
		AA147B7E2C35AA410026B99B /* ALI Reserved */ = {
			isa = PBXGroup;
			children = (
				AA147B7F2C35AA410026B99B /* ALI_ReservedApp.swift */,
				AA147B812C35AA410026B99B /* ContentView.swift */,
				AA147B832C35AA420026B99B /* Assets.xcassets */,
				AA147B882C35AA430026B99B /* Persistence.swift */,
				AA147B8A2C35AA430026B99B /* ALI_Reserved.xcdatamodeld */,
				AA147B852C35AA420026B99B /* Preview Content */,
			);
			path = "ALI Reserved";
			sourceTree = "<group>";
		};
		AA147B852C35AA420026B99B /* Preview Content */ = {
			isa = PBXGroup;
			children = (
				AA147B862C35AA420026B99B /* Preview Assets.xcassets */,
			);
			path = "Preview Content";
			sourceTree = "<group>";
		};
		AA147B942C35AA430026B99B /* ALI ReservedTests */ = {
			isa = PBXGroup;
			children = (
				AA147B952C35AA430026B99B /* ALI_ReservedTests.swift */,
			);
			path = "ALI ReservedTests";
			sourceTree = "<group>";
		};
		AA147B9E2C35AA430026B99B /* ALI ReservedUITests */ = {
			isa = PBXGroup;
			children = (
				AA147B9F2C35AA430026B99B /* ALI_ReservedUITests.swift */,
				AA147BA12C35AA430026B99B /* ALI_ReservedUITestsLaunchTests.swift */,
			);
			path = "ALI ReservedUITests";
			sourceTree = "<group>";
		};
/* End PBXGroup section */

/* Begin PBXNativeTarget section */
		AA147B7B2C35AA410026B99B /* ALI Reserved */ = {
			isa = PBXNativeTarget;
			buildConfigurationList = AA147BA52C35AA430026B99B /* Build configuration list for PBXNativeTarget "ALI Reserved" */;
			buildPhases = (
				AA147B782C35AA410026B99B /* Sources */,
				AA147B792C35AA410026B99B /* Frameworks */,
				AA147B7A2C35AA410026B99B /* Resources */,
			);
			buildRules = (
			);
			dependencies = (
			);
			name = "ALI Reserved";
			productName = "ALI Reserved";
			productReference = AA147B7C2C35AA410026B99B /* ALI Reserved.app */;
			productType = "com.apple.product-type.application";
		};
		AA147B902C35AA430026B99B /* ALI ReservedTests */ = {
			isa = PBXNativeTarget;
			buildConfigurationList = AA147BA82C35AA430026B99B /* Build configuration list for PBXNativeTarget "ALI ReservedTests" */;
			buildPhases = (
				AA147B8D2C35AA430026B99B /* Sources */,
				AA147B8E2C35AA430026B99B /* Frameworks */,
				AA147B8F2C35AA430026B99B /* Resources */,
			);
			buildRules = (
			);
			dependencies = (
				AA147B932C35AA430026B99B /* PBXTargetDependency */,
			);
			name = "ALI ReservedTests";
			productName = "ALI ReservedTests";
			productReference = AA147B912C35AA430026B99B /* ALI ReservedTests.xctest */;
			productType = "com.apple.product-type.bundle.unit-test";
		};
		AA147B9A2C35AA430026B99B /* ALI ReservedUITests */ = {
			isa = PBXNativeTarget;
			buildConfigurationList = AA147BAB2C35AA430026B99B /* Build configuration list for PBXNativeTarget "ALI ReservedUITests" */;
			buildPhases = (
				AA147B972C35AA430026B99B /* Sources */,
				AA147B982C35AA430026B99B /* Frameworks */,
				AA147B992C35AA430026B99B /* Resources */,
			);
			buildRules = (
			);
			dependencies = (
				AA147B9D2C35AA430026B99B /* PBXTargetDependency */,
			);
			name = "ALI ReservedUITests";
			productName = "ALI ReservedUITests";
			productReference = AA147B9B2C35AA430026B99B /* ALI ReservedUITests.xctest */;
			productType = "com.apple.product-type.bundle.ui-testing";
		};
/* End PBXNativeTarget section */

/* Begin PBXProject section */
		AA147B742C35AA400026B99B /* Project object */ = {
			isa = PBXProject;
			attributes = {
				BuildIndependentTargetsInParallel = 1;
				LastSwiftUpdateCheck = 1540;
				LastUpgradeCheck = 1540;
				TargetAttributes = {
					AA147B7B2C35AA410026B99B = {
						CreatedOnToolsVersion = 15.4;
					};
					AA147B902C35AA430026B99B = {
						CreatedOnToolsVersion = 15.4;
						TestTargetID = AA147B7B2C35AA410026B99B;
					};
					AA147B9A2C35AA430026B99B = {
						CreatedOnToolsVersion = 15.4;
						TestTargetID = AA147B7B2C35AA410026B99B;
					};
				};
			};
			buildConfigurationList = AA147B772C35AA400026B99B /* Build configuration list for PBXProject "ALI Reserved" */;
			compatibilityVersion = "Xcode 14.0";
			developmentRegion = en;
			hasScannedForEncodings = 0;
			knownRegions = (
				en,
				Base,
			);
			mainGroup = AA147B732C35AA400026B99B;
			productRefGroup = AA147B7D2C35AA410026B99B /* Products */;
			projectDirPath = "";
			projectRoot = "";
			targets = (
				AA147B7B2C35AA410026B99B /* ALI Reserved */,
				AA147B902C35AA430026B99B /* ALI ReservedTests */,
				AA147B9A2C35AA430026B99B /* ALI ReservedUITests */,
			);
		};
/* End PBXProject section */

/* Begin PBXResourcesBuildPhase section */
		AA147B7A2C35AA410026B99B /* Resources */ = {
			isa = PBXResourcesBuildPhase;
			buildActionMask = 2147483647;
			files = (
				AA147B872C35AA420026B99B /* Preview Assets.xcassets in Resources */,
				AA147B842C35AA420026B99B /* Assets.xcassets in Resources */,
			);
			runOnlyForDeploymentPostprocessing = 0;
		};
		AA147B8F2C35AA430026B99B /* Resources */ = {
			isa = PBXResourcesBuildPhase;
			buildActionMask = 2147483647;
			files = (
			);
			runOnlyForDeploymentPostprocessing = 0;
		};
		AA147B992C35AA430026B99B /* Resources */ = {
			isa = PBXResourcesBuildPhase;
			buildActionMask = 2147483647;
			files = (
			);
			runOnlyForDeploymentPostprocessing = 0;
		};
/* End PBXResourcesBuildPhase section */

/* Begin PBXSourcesBuildPhase section */
		AA147B782C35AA410026B99B /* Sources */ = {
			isa = PBXSourcesBuildPhase;
			buildActionMask = 2147483647;
			files = (
				AA147B892C35AA430026B99B /* Persistence.swift in Sources */,
				AA147B822C35AA410026B99B /* ContentView.swift in Sources */,
				AA147B8C2C35AA430026B99B /* ALI_Reserved.xcdatamodeld in Sources */,
				AA147B802C35AA410026B99B /* ALI_ReservedApp.swift in Sources */,
			);
			runOnlyForDeploymentPostprocessing = 0;
		};
		AA147B8D2C35AA430026B99B /* Sources */ = {
			isa = PBXSourcesBuildPhase;
			buildActionMask = 2147483647;
			files = (
				AA147B962C35AA430026B99B /* ALI_ReservedTests.swift in Sources */,
			);
			runOnlyForDeploymentPostprocessing = 0;
		};
		AA147B972C35AA430026B99B /* Sources */ = {
			isa = PBXSourcesBuildPhase;
			buildActionMask = 2147483647;
			files = (
				AA147BA02C35AA430026B99B /* ALI_ReservedUITests.swift in Sources */,
				AA147BA22C35AA430026B99B /* ALI_ReservedUITestsLaunchTests.swift in Sources */,
			);
			runOnlyForDeploymentPostprocessing = 0;
		};
/* End PBXSourcesBuildPhase section */

/* Begin PBXTargetDependency section */
		AA147B932C35AA430026B99B /* PBXTargetDependency */ = {
			isa = PBXTargetDependency;
			target = AA147B7B2C35AA410026B99B /* ALI Reserved */;
			targetProxy = AA147B922C35AA430026B99B /* PBXContainerItemProxy */;
		};
		AA147B9D2C35AA430026B99B /* PBXTargetDependency */ = {
			isa = PBXTargetDependency;
			target = AA147B7B2C35AA410026B99B /* ALI Reserved */;
			targetProxy = AA147B9C2C35AA430026B99B /* PBXContainerItemProxy */;
		};
/* End PBXTargetDependency section */

/* Begin XCBuildConfiguration section */
		AA147BA32C35AA430026B99B /* Debug */ = {
			isa = XCBuildConfiguration;
			buildSettings = {
				ALWAYS_SEARCH_USER_PATHS = NO;
				ASSETCATALOG_COMPILER_GENERATE_SWIFT_ASSET_SYMBOL_EXTENSIONS = YES;
				CLANG_ANALYZER_NONNULL = YES;
				CLANG_ANALYZER_NUMBER_OBJECT_CONVERSION = YES_AGGRESSIVE;
				CLANG_CXX_LANGUAGE_STANDARD = "gnu++20";
				CLANG_ENABLE_MODULES = YES;
				CLANG_ENABLE_OBJC_ARC = YES;
				CLANG_ENABLE_OBJC_WEAK = YES;
				CLANG_WARN_BLOCK_CAPTURE_AUTORELEASING = YES;
				CLANG_WARN_BOOL_CONVERSION = YES;
				CLANG_WARN_COMMA = YES;
				CLANG_WARN_CONSTANT_CONVERSION = YES;
				CLANG_WARN_DEPRECATED_OBJC_IMPLEMENTATIONS = YES;
				CLANG_WARN_DIRECT_OBJC_ISA_USAGE = YES_ERROR;
				CLANG_WARN_DOCUMENTATION_COMMENTS = YES;
				CLANG_WARN_EMPTY_BODY = YES;
				CLANG_WARN_ENUM_CONVERSION = YES;
				CLANG_WARN_INFINITE_RECURSION = YES;
				CLANG_WARN_INT_CONVERSION = YES;
				CLANG_WARN_NON_LITERAL_NULL_CONVERSION = YES;
				CLANG_WARN_OBJC_IMPLICIT_RETAIN_SELF = YES;
				CLANG_WARN_OBJC_LITERAL_CONVERSION = YES;
				CLANG_WARN_OBJC_ROOT_CLASS = YES_ERROR;
				CLANG_WARN_QUOTED_INCLUDE_IN_FRAMEWORK_HEADER = YES;
				CLANG_WARN_RANGE_LOOP_ANALYSIS = YES;
				CLANG_WARN_STRICT_PROTOTYPES = YES;
				CLANG_WARN_SUSPICIOUS_MOVE = YES;
				CLANG_WARN_UNGUARDED_AVAILABILITY = YES_AGGRESSIVE;
				CLANG_WARN_UNREACHABLE_CODE = YES;
				CLANG_WARN__DUPLICATE_METHOD_MATCH = YES;
				COPY_PHASE_STRIP = NO;
				DEBUG_INFORMATION_FORMAT = dwarf;
				ENABLE_STRICT_OBJC_MSGSEND = YES;
				ENABLE_TESTABILITY = YES;
				ENABLE_USER_SCRIPT_SANDBOXING = YES;
				GCC_C_LANGUAGE_STANDARD = gnu17;
				GCC_DYNAMIC_NO_PIC = NO;
				GCC_NO_COMMON_BLOCKS = YES;
				GCC_OPTIMIZATION_LEVEL = 0;
				GCC_PREPROCESSOR_DEFINITIONS = (
					"DEBUG=1",
					"$(inherited)",
				);
				GCC_WARN_64_TO_32_BIT_CONVERSION = YES;
				GCC_WARN_ABOUT_RETURN_TYPE = YES_ERROR;
				GCC_WARN_UNDECLARED_SELECTOR = YES;
				GCC_WARN_UNINITIALIZED_AUTOS = YES_AGGRESSIVE;
				GCC_WARN_UNUSED_FUNCTION = YES;
				GCC_WARN_UNUSED_VARIABLE = YES;
				IPHONEOS_DEPLOYMENT_TARGET = 17.5;
				LOCALIZATION_PREFERS_STRING_CATALOGS = YES;
				MTL_ENABLE_DEBUG_INFO = INCLUDE_SOURCE;
				MTL_FAST_MATH = YES;
				ONLY_ACTIVE_ARCH = YES;
				SDKROOT = iphoneos;
				SWIFT_ACTIVE_COMPILATION_CONDITIONS = "DEBUG $(inherited)";
				SWIFT_OPTIMIZATION_LEVEL = "-Onone";
			};
			name = Debug;
		};
		AA147BA42C35AA430026B99B /* Release */ = {
			isa = XCBuildConfiguration;
			buildSettings = {
				ALWAYS_SEARCH_USER_PATHS = NO;
				ASSETCATALOG_COMPILER_GENERATE_SWIFT_ASSET_SYMBOL_EXTENSIONS = YES;
				CLANG_ANALYZER_NONNULL = YES;
				CLANG_ANALYZER_NUMBER_OBJECT_CONVERSION = YES_AGGRESSIVE;
				CLANG_CXX_LANGUAGE_STANDARD = "gnu++20";
				CLANG_ENABLE_MODULES = YES;
				CLANG_ENABLE_OBJC_ARC = YES;
				CLANG_ENABLE_OBJC_WEAK = YES;
				CLANG_WARN_BLOCK_CAPTURE_AUTORELEASING = YES;
				CLANG_WARN_BOOL_CONVERSION = YES;
				CLANG_WARN_COMMA = YES;
				CLANG_WARN_CONSTANT_CONVERSION = YES;
				CLANG_WARN_DEPRECATED_OBJC_IMPLEMENTATIONS = YES;
				CLANG_WARN_DIRECT_OBJC_ISA_USAGE = YES_ERROR;
				CLANG_WARN_DOCUMENTATION_COMMENTS = YES;
				CLANG_WARN_EMPTY_BODY = YES;
				CLANG_WARN_ENUM_CONVERSION = YES;
				CLANG_WARN_INFINITE_RECURSION = YES;
				CLANG_WARN_INT_CONVERSION = YES;
				CLANG_WARN_NON_LITERAL_NULL_CONVERSION = YES;
				CLANG_WARN_OBJC_IMPLICIT_RETAIN_SELF = YES;
				CLANG_WARN_OBJC_LITERAL_CONVERSION = YES;
				CLANG_WARN_OBJC_ROOT_CLASS = YES_ERROR;
				CLANG_WARN_QUOTED_INCLUDE_IN_FRAMEWORK_HEADER = YES;
				CLANG_WARN_RANGE_LOOP_ANALYSIS = YES;
				CLANG_WARN_STRICT_PROTOTYPES = YES;
				CLANG_WARN_SUSPICIOUS_MOVE = YES;
				CLANG_WARN_UNGUARDED_AVAILABILITY = YES_AGGRESSIVE;
				CLANG_WARN_UNREACHABLE_CODE = YES;
				CLANG_WARN__DUPLICATE_METHOD_MATCH = YES;
				COPY_PHASE_STRIP = NO;
				DEBUG_INFORMATION_FORMAT = "dwarf-with-dsym";
				ENABLE_NS_ASSERTIONS = NO;
				ENABLE_STRICT_OBJC_MSGSEND = YES;
				ENABLE_USER_SCRIPT_SANDBOXING = YES;
				GCC_C_LANGUAGE_STANDARD = gnu17;
				GCC_NO_COMMON_BLOCKS = YES;
				GCC_WARN_64_TO_32_BIT_CONVERSION = YES;
				GCC_WARN_ABOUT_RETURN_TYPE = YES_ERROR;
				GCC_WARN_UNDECLARED_SELECTOR = YES;
				GCC_WARN_UNINITIALIZED_AUTOS = YES_AGGRESSIVE;
				GCC_WARN_UNUSED_FUNCTION = YES;
				GCC_WARN_UNUSED_VARIABLE = YES;
				IPHONEOS_DEPLOYMENT_TARGET = 17.5;
				LOCALIZATION_PREFERS_STRING_CATALOGS = YES;
				MTL_ENABLE_DEBUG_INFO = NO;
				MTL_FAST_MATH = YES;
				SDKROOT = iphoneos;
				SWIFT_COMPILATION_MODE = wholemodule;
				VALIDATE_PRODUCT = YES;
			};
			name = Release;
		};
		AA147BA62C35AA430026B99B /* Debug */ = {
			isa = XCBuildConfiguration;
			buildSettings = {
				ASSETCATALOG_COMPILER_APPICON_NAME = AppIcon;
				ASSETCATALOG_COMPILER_GLOBAL_ACCENT_COLOR_NAME = AccentColor;
				CODE_SIGN_STYLE = Automatic;
				CURRENT_PROJECT_VERSION = 1;
				DEVELOPMENT_ASSET_PATHS = "\"ALI Reserved/Preview Content\"";
				DEVELOPMENT_TEAM = T7TNHY8697;
				ENABLE_PREVIEWS = YES;
				GENERATE_INFOPLIST_FILE = YES;
				INFOPLIST_KEY_UIApplicationSceneManifest_Generation = YES;
				INFOPLIST_KEY_UIApplicationSupportsIndirectInputEvents = YES;
				INFOPLIST_KEY_UILaunchScreen_Generation = YES;
				INFOPLIST_KEY_UISupportedInterfaceOrientations_iPad = "UIInterfaceOrientationPortrait UIInterfaceOrientationPortraitUpsideDown UIInterfaceOrientationLandscapeLeft UIInterfaceOrientationLandscapeRight";
				INFOPLIST_KEY_UISupportedInterfaceOrientations_iPhone = "UIInterfaceOrientationPortrait UIInterfaceOrientationLandscapeLeft UIInterfaceOrientationLandscapeRight";
				LD_RUNPATH_SEARCH_PATHS = (
					"$(inherited)",
					"@executable_path/Frameworks",
				);
				MARKETING_VERSION = 1.0;
				PRODUCT_BUNDLE_IDENTIFIER = "ALI-SpA.ALI-Reserved";
				PRODUCT_NAME = "$(TARGET_NAME)";
				SWIFT_EMIT_LOC_STRINGS = YES;
				SWIFT_VERSION = 5.0;
				TARGETED_DEVICE_FAMILY = "1,2";
			};
			name = Debug;
		};
		AA147BA72C35AA430026B99B /* Release */ = {
			isa = XCBuildConfiguration;
			buildSettings = {
				ASSETCATALOG_COMPILER_APPICON_NAME = AppIcon;
				ASSETCATALOG_COMPILER_GLOBAL_ACCENT_COLOR_NAME = AccentColor;
				CODE_SIGN_STYLE = Automatic;
				CURRENT_PROJECT_VERSION = 1;
				DEVELOPMENT_ASSET_PATHS = "\"ALI Reserved/Preview Content\"";
				DEVELOPMENT_TEAM = T7TNHY8697;
				ENABLE_PREVIEWS = YES;
				GENERATE_INFOPLIST_FILE = YES;
				INFOPLIST_KEY_UIApplicationSceneManifest_Generation = YES;
				INFOPLIST_KEY_UIApplicationSupportsIndirectInputEvents = YES;
				INFOPLIST_KEY_UILaunchScreen_Generation = YES;
				INFOPLIST_KEY_UISupportedInterfaceOrientations_iPad = "UIInterfaceOrientationPortrait UIInterfaceOrientationPortraitUpsideDown UIInterfaceOrientationLandscapeLeft UIInterfaceOrientationLandscapeRight";
				INFOPLIST_KEY_UISupportedInterfaceOrientations_iPhone = "UIInterfaceOrientationPortrait UIInterfaceOrientationLandscapeLeft UIInterfaceOrientationLandscapeRight";
				LD_RUNPATH_SEARCH_PATHS = (
					"$(inherited)",
					"@executable_path/Frameworks",
				);
				MARKETING_VERSION = 1.0;
				PRODUCT_BUNDLE_IDENTIFIER = "ALI-SpA.ALI-Reserved";
				PRODUCT_NAME = "$(TARGET_NAME)";
				SWIFT_EMIT_LOC_STRINGS = YES;
				SWIFT_VERSION = 5.0;
				TARGETED_DEVICE_FAMILY = "1,2";
			};
			name = Release;
		};
		AA147BA92C35AA430026B99B /* Debug */ = {
			isa = XCBuildConfiguration;
			buildSettings = {
				ALWAYS_EMBED_SWIFT_STANDARD_LIBRARIES = YES;
				BUNDLE_LOADER = "$(TEST_HOST)";
				CODE_SIGN_STYLE = Automatic;
				CURRENT_PROJECT_VERSION = 1;
				DEVELOPMENT_TEAM = T7TNHY8697;
				GENERATE_INFOPLIST_FILE = YES;
				IPHONEOS_DEPLOYMENT_TARGET = 17.5;
				MARKETING_VERSION = 1.0;
				PRODUCT_BUNDLE_IDENTIFIER = "ALI-SpA.ALI-ReservedTests";
				PRODUCT_NAME = "$(TARGET_NAME)";
				SWIFT_EMIT_LOC_STRINGS = NO;
				SWIFT_VERSION = 5.0;
				TARGETED_DEVICE_FAMILY = "1,2";
				TEST_HOST = "$(BUILT_PRODUCTS_DIR)/ALI Reserved.app/$(BUNDLE_EXECUTABLE_FOLDER_PATH)/ALI Reserved";
			};
			name = Debug;
		};
		AA147BAA2C35AA430026B99B /* Release */ = {
			isa = XCBuildConfiguration;
			buildSettings = {
				ALWAYS_EMBED_SWIFT_STANDARD_LIBRARIES = YES;
				BUNDLE_LOADER = "$(TEST_HOST)";
				CODE_SIGN_STYLE = Automatic;
				CURRENT_PROJECT_VERSION = 1;
				DEVELOPMENT_TEAM = T7TNHY8697;
				GENERATE_INFOPLIST_FILE = YES;
				IPHONEOS_DEPLOYMENT_TARGET = 17.5;
				MARKETING_VERSION = 1.0;
				PRODUCT_BUNDLE_IDENTIFIER = "ALI-SpA.ALI-ReservedTests";
				PRODUCT_NAME = "$(TARGET_NAME)";
				SWIFT_EMIT_LOC_STRINGS = NO;
				SWIFT_VERSION = 5.0;
				TARGETED_DEVICE_FAMILY = "1,2";
				TEST_HOST = "$(BUILT_PRODUCTS_DIR)/ALI Reserved.app/$(BUNDLE_EXECUTABLE_FOLDER_PATH)/ALI Reserved";
			};
			name = Release;
		};
		AA147BAC2C35AA430026B99B /* Debug */ = {
			isa = XCBuildConfiguration;
			buildSettings = {
				ALWAYS_EMBED_SWIFT_STANDARD_LIBRARIES = YES;
				CODE_SIGN_STYLE = Automatic;
				CURRENT_PROJECT_VERSION = 1;
				DEVELOPMENT_TEAM = T7TNHY8697;
				GENERATE_INFOPLIST_FILE = YES;
				MARKETING_VERSION = 1.0;
				PRODUCT_BUNDLE_IDENTIFIER = "ALI-SpA.ALI-ReservedUITests";
				PRODUCT_NAME = "$(TARGET_NAME)";
				SWIFT_EMIT_LOC_STRINGS = NO;
				SWIFT_VERSION = 5.0;
				TARGETED_DEVICE_FAMILY = "1,2";
				TEST_TARGET_NAME = "ALI Reserved";
			};
			name = Debug;
		};
		AA147BAD2C35AA430026B99B /* Release */ = {
			isa = XCBuildConfiguration;
			buildSettings = {
				ALWAYS_EMBED_SWIFT_STANDARD_LIBRARIES = YES;
				CODE_SIGN_STYLE = Automatic;
				CURRENT_PROJECT_VERSION = 1;
				DEVELOPMENT_TEAM = T7TNHY8697;
				GENERATE_INFOPLIST_FILE = YES;
				MARKETING_VERSION = 1.0;
				PRODUCT_BUNDLE_IDENTIFIER = "ALI-SpA.ALI-ReservedUITests";
				PRODUCT_NAME = "$(TARGET_NAME)";
				SWIFT_EMIT_LOC_STRINGS = NO;
				SWIFT_VERSION = 5.0;
				TARGETED_DEVICE_FAMILY = "1,2";
				TEST_TARGET_NAME = "ALI Reserved";
			};
			name = Release;
		};
/* End XCBuildConfiguration section */

/* Begin XCConfigurationList section */
		AA147B772C35AA400026B99B /* Build configuration list for PBXProject "ALI Reserved" */ = {
			isa = XCConfigurationList;
			buildConfigurations = (
				AA147BA32C35AA430026B99B /* Debug */,
				AA147BA42C35AA430026B99B /* Release */,
			);
			defaultConfigurationIsVisible = 0;
			defaultConfigurationName = Release;
		};
		AA147BA52C35AA430026B99B /* Build configuration list for PBXNativeTarget "ALI Reserved" */ = {
			isa = XCConfigurationList;
			buildConfigurations = (
				AA147BA62C35AA430026B99B /* Debug */,
				AA147BA72C35AA430026B99B /* Release */,
			);
			defaultConfigurationIsVisible = 0;
			defaultConfigurationName = Release;
		};
		AA147BA82C35AA430026B99B /* Build configuration list for PBXNativeTarget "ALI ReservedTests" */ = {
			isa = XCConfigurationList;
			buildConfigurations = (
				AA147BA92C35AA430026B99B /* Debug */,
				AA147BAA2C35AA430026B99B /* Release */,
			);
			defaultConfigurationIsVisible = 0;
			defaultConfigurationName = Release;
		};
		AA147BAB2C35AA430026B99B /* Build configuration list for PBXNativeTarget "ALI ReservedUITests" */ = {
			isa = XCConfigurationList;
			buildConfigurations = (
				AA147BAC2C35AA430026B99B /* Debug */,
				AA147BAD2C35AA430026B99B /* Release */,
			);
			defaultConfigurationIsVisible = 0;
			defaultConfigurationName = Release;
		};
/* End XCConfigurationList section */

/* Begin XCVersionGroup section */
		AA147B8A2C35AA430026B99B /* ALI_Reserved.xcdatamodeld */ = {
			isa = XCVersionGroup;
			children = (
				AA147B8B2C35AA430026B99B /* ALI_Reserved.xcdatamodel */,
			);
			currentVersion = AA147B8B2C35AA430026B99B /* ALI_Reserved.xcdatamodel */;
			path = ALI_Reserved.xcdatamodeld;
			sourceTree = "<group>";
			versionGroupType = wrapper.xcdatamodel;
		};
/* End XCVersionGroup section */
	};
	rootObject = AA147B742C35AA400026B99B /* Project object */;
}
